
Microsoft Visual Studio Solution File, Format Version 12.00
# Visual Studio 2012
Project("{FAE04EC0-301F-11D3-BF4B-00C04F79EFBC}") = "TPClient", "TPClient\TPClient.csproj", "{440F43B9-77E1-41B3-9BA6-59D2176CF290}"
EndProject
Global
	GlobalSection(SolutionConfigurationPlatforms) = preSolution
		Debug|Any CPU = Debug|Any CPU
		Release|Any CPU = Release|Any CPU
	EndGlobalSection
	GlobalSection(ProjectConfigurationPlatforms) = postSolution
		{440F43B9-77E1-41B3-9BA6-59D2176CF290}.Debug|Any CPU.ActiveCfg = Debug|Any CPU
		{440F43B9-77E1-41B3-9BA6-59D2176CF290}.Debug|Any CPU.Build.0 = Debug|Any CPU
		{440F43B9-77E1-41B3-9BA6-59D2176CF290}.Release|Any CPU.ActiveCfg = Release|Any CPU
		{440F43B9-77E1-41B3-9BA6-59D2176CF290}.Release|Any CPU.Build.0 = Release|Any CPU
	EndGlobalSection
	GlobalSection(SolutionProperties) = preSolution
		HideSolutionNode = FALSE
	EndGlobalSection
EndGlobal
